// !$*UTF8*$!
{
	archiveVersion = 1;
	classes = {
	};
	objectVersion = 56;
	objects = {

/* Begin PBXBuildFile section */
		2851B4ED2B21D26B00A691F0 /* AppDelegate.swift in Sources */ = {isa = PBXBuildFile; fileRef = 2851B4EC2B21D26B00A691F0 /* AppDelegate.swift */; };
		2851B4EF2B21D26B00A691F0 /* SceneDelegate.swift in Sources */ = {isa = PBXBuildFile; fileRef = 2851B4EE2B21D26B00A691F0 /* SceneDelegate.swift */; };
		2851B4F12B21D26B00A691F0 /* ViewController.swift in Sources */ = {isa = PBXBuildFile; fileRef = 2851B4F02B21D26B00A691F0 /* ViewController.swift */; };
		2851B4F42B21D26B00A691F0 /* Main.storyboard in Resources */ = {isa = PBXBuildFile; fileRef = 2851B4F22B21D26B00A691F0 /* Main.storyboard */; settings = {ASSET_TAGS = (10, 15, 20, ); }; };
		2851B4F62B21D26D00A691F0 /* Assets.xcassets in Resources */ = {isa = PBXBuildFile; fileRef = 2851B4F52B21D26D00A691F0 /* Assets.xcassets */; };
		2851B4F92B21D26D00A691F0 /* LaunchScreen.storyboard in Resources */ = {isa = PBXBuildFile; fileRef = 2851B4F72B21D26D00A691F0 /* LaunchScreen.storyboard */; };
		2851B5042B21D26D00A691F0 /* HelloWorldTests.swift in Sources */ = {isa = PBXBuildFile; fileRef = 2851B5032B21D26D00A691F0 /* HelloWorldTests.swift */; };
		2851B50E2B21D26D00A691F0 /* HelloWorldUITests.swift in Sources */ = {isa = PBXBuildFile; fileRef = 2851B50D2B21D26D00A691F0 /* HelloWorldUITests.swift */; };
		2851B5102B21D26D00A691F0 /* HelloWorldUITestsLaunchTests.swift in Sources */ = {isa = PBXBuildFile; fileRef = 2851B50F2B21D26D00A691F0 /* HelloWorldUITestsLaunchTests.swift */; };
		28AB482C2B2B5899005F3931 /* ProductViewController.swift in Sources */ = {isa = PBXBuildFile; fileRef = 28AB482B2B2B5899005F3931 /* ProductViewController.swift */; };
		28DC4B842B2342E700870CC8 /* GoogleService-Info.plist in Resources */ = {isa = PBXBuildFile; fileRef = 28DC4B832B2342E700870CC8 /* GoogleService-Info.plist */; };
		28DC4B872B23461500870CC8 /* FirebaseAnalytics in Frameworks */ = {isa = PBXBuildFile; productRef = 28DC4B862B23461500870CC8 /* FirebaseAnalytics */; };
		28DC4B892B23461500870CC8 /* FirebaseAnalyticsOnDeviceConversion in Frameworks */ = {isa = PBXBuildFile; productRef = 28DC4B882B23461500870CC8 /* FirebaseAnalyticsOnDeviceConversion */; };
		28DC4B8B2B23461500870CC8 /* FirebaseAnalyticsSwift in Frameworks */ = {isa = PBXBuildFile; productRef = 28DC4B8A2B23461500870CC8 /* FirebaseAnalyticsSwift */; };
		28DC4B8D2B23461500870CC8 /* FirebaseAppCheck in Frameworks */ = {isa = PBXBuildFile; productRef = 28DC4B8C2B23461500870CC8 /* FirebaseAppCheck */; };
		28DC4B8F2B23461500870CC8 /* FirebaseAuth in Frameworks */ = {isa = PBXBuildFile; productRef = 28DC4B8E2B23461500870CC8 /* FirebaseAuth */; };
		28DC4B912B23461500870CC8 /* FirebaseDatabase in Frameworks */ = {isa = PBXBuildFile; productRef = 28DC4B902B23461500870CC8 /* FirebaseDatabase */; };
		28DC4B932B23461500870CC8 /* FirebaseDatabaseSwift in Frameworks */ = {isa = PBXBuildFile; productRef = 28DC4B922B23461500870CC8 /* FirebaseDatabaseSwift */; };
		28DC4B952B23461500870CC8 /* FirebaseFirestore in Frameworks */ = {isa = PBXBuildFile; productRef = 28DC4B942B23461500870CC8 /* FirebaseFirestore */; };
		28DC4B972B23461500870CC8 /* FirebasePerformance in Frameworks */ = {isa = PBXBuildFile; productRef = 28DC4B962B23461500870CC8 /* FirebasePerformance */; };
		28DC4B992B23461500870CC8 /* FirebaseStorage in Frameworks */ = {isa = PBXBuildFile; productRef = 28DC4B982B23461500870CC8 /* FirebaseStorage */; };
/* End PBXBuildFile section */

/* Begin PBXContainerItemProxy section */
		2851B5002B21D26D00A691F0 /* PBXContainerItemProxy */ = {
			isa = PBXContainerItemProxy;
			containerPortal = 2851B4E12B21D26B00A691F0 /* Project object */;
			proxyType = 1;
			remoteGlobalIDString = 2851B4E82B21D26B00A691F0;
			remoteInfo = HelloWorld;
		};
		2851B50A2B21D26D00A691F0 /* PBXContainerItemProxy */ = {
			isa = PBXContainerItemProxy;
			containerPortal = 2851B4E12B21D26B00A691F0 /* Project object */;
			proxyType = 1;
			remoteGlobalIDString = 2851B4E82B21D26B00A691F0;
			remoteInfo = HelloWorld;
		};
/* End PBXContainerItemProxy section */

/* Begin PBXFileReference section */
		2851B4E92B21D26B00A691F0 /* HelloWorld.app */ = {isa = PBXFileReference; explicitFileType = wrapper.application; includeInIndex = 0; path = HelloWorld.app; sourceTree = BUILT_PRODUCTS_DIR; };
		2851B4EC2B21D26B00A691F0 /* AppDelegate.swift */ = {isa = PBXFileReference; lastKnownFileType = sourcecode.swift; path = AppDelegate.swift; sourceTree = "<group>"; };
		2851B4EE2B21D26B00A691F0 /* SceneDelegate.swift */ = {isa = PBXFileReference; lastKnownFileType = sourcecode.swift; path = SceneDelegate.swift; sourceTree = "<group>"; };
		2851B4F02B21D26B00A691F0 /* ViewController.swift */ = {isa = PBXFileReference; lastKnownFileType = sourcecode.swift; path = ViewController.swift; sourceTree = "<group>"; };
		2851B4F32B21D26B00A691F0 /* Base */ = {isa = PBXFileReference; lastKnownFileType = file.storyboard; name = Base; path = Base.lproj/Main.storyboard; sourceTree = "<group>"; };
		2851B4F52B21D26D00A691F0 /* Assets.xcassets */ = {isa = PBXFileReference; lastKnownFileType = folder.assetcatalog; path = Assets.xcassets; sourceTree = "<group>"; };
		2851B4F82B21D26D00A691F0 /* Base */ = {isa = PBXFileReference; lastKnownFileType = file.storyboard; name = Base; path = Base.lproj/LaunchScreen.storyboard; sourceTree = "<group>"; };
		2851B4FA2B21D26D00A691F0 /* Info.plist */ = {isa = PBXFileReference; lastKnownFileType = text.plist.xml; path = Info.plist; sourceTree = "<group>"; };
		2851B4FF2B21D26D00A691F0 /* HelloWorldTests.xctest */ = {isa = PBXFileReference; explicitFileType = wrapper.cfbundle; includeInIndex = 0; path = HelloWorldTests.xctest; sourceTree = BUILT_PRODUCTS_DIR; };
		2851B5032B21D26D00A691F0 /* HelloWorldTests.swift */ = {isa = PBXFileReference; lastKnownFileType = sourcecode.swift; path = HelloWorldTests.swift; sourceTree = "<group>"; };
		2851B5092B21D26D00A691F0 /* HelloWorldUITests.xctest */ = {isa = PBXFileReference; explicitFileType = wrapper.cfbundle; includeInIndex = 0; path = HelloWorldUITests.xctest; sourceTree = BUILT_PRODUCTS_DIR; };
		2851B50D2B21D26D00A691F0 /* HelloWorldUITests.swift */ = {isa = PBXFileReference; lastKnownFileType = sourcecode.swift; path = HelloWorldUITests.swift; sourceTree = "<group>"; };
		2851B50F2B21D26D00A691F0 /* HelloWorldUITestsLaunchTests.swift */ = {isa = PBXFileReference; lastKnownFileType = sourcecode.swift; path = HelloWorldUITestsLaunchTests.swift; sourceTree = "<group>"; };
		28AB482B2B2B5899005F3931 /* ProductViewController.swift */ = {isa = PBXFileReference; lastKnownFileType = sourcecode.swift; path = ProductViewController.swift; sourceTree = "<group>"; };
		28DC4B832B2342E700870CC8 /* GoogleService-Info.plist */ = {isa = PBXFileReference; fileEncoding = 4; lastKnownFileType = text.plist.xml; name = "GoogleService-Info.plist"; path = "../../../Downloads/GoogleService-Info.plist"; sourceTree = "<group>"; };
/* End PBXFileReference section */

/* Begin PBXFrameworksBuildPhase section */
		2851B4E62B21D26B00A691F0 /* Frameworks */ = {
			isa = PBXFrameworksBuildPhase;
			buildActionMask = 2147483647;
			files = (
				28DC4B932B23461500870CC8 /* FirebaseDatabaseSwift in Frameworks */,
				28DC4B912B23461500870CC8 /* FirebaseDatabase in Frameworks */,
				28DC4B972B23461500870CC8 /* FirebasePerformance in Frameworks */,
				28DC4B992B23461500870CC8 /* FirebaseStorage in Frameworks */,
				28DC4B8D2B23461500870CC8 /* FirebaseAppCheck in Frameworks */,
				28DC4B8F2B23461500870CC8 /* FirebaseAuth in Frameworks */,
				28DC4B8B2B23461500870CC8 /* FirebaseAnalyticsSwift in Frameworks */,
				28DC4B952B23461500870CC8 /* FirebaseFirestore in Frameworks */,
				28DC4B872B23461500870CC8 /* FirebaseAnalytics in Frameworks */,
				28DC4B892B23461500870CC8 /* FirebaseAnalyticsOnDeviceConversion in Frameworks */,
			);
			runOnlyForDeploymentPostprocessing = 0;
		};
		2851B4FC2B21D26D00A691F0 /* Frameworks */ = {
			isa = PBXFrameworksBuildPhase;
			buildActionMask = 2147483647;
			files = (
			);
			runOnlyForDeploymentPostprocessing = 0;
		};
		2851B5062B21D26D00A691F0 /* Frameworks */ = {
			isa = PBXFrameworksBuildPhase;
			buildActionMask = 2147483647;
			files = (
			);
			runOnlyForDeploymentPostprocessing = 0;
		};
/* End PBXFrameworksBuildPhase section */

/* Begin PBXGroup section */
		2851B4E02B21D26B00A691F0 = {
			isa = PBXGroup;
			children = (
				2851B4EB2B21D26B00A691F0 /* HelloWorld */,
				2851B5022B21D26D00A691F0 /* HelloWorldTests */,
				2851B50C2B21D26D00A691F0 /* HelloWorldUITests */,
				2851B4EA2B21D26B00A691F0 /* Products */,
			);
			sourceTree = "<group>";
		};
		2851B4EA2B21D26B00A691F0 /* Products */ = {
			isa = PBXGroup;
			children = (
				2851B4E92B21D26B00A691F0 /* HelloWorld.app */,
				2851B4FF2B21D26D00A691F0 /* HelloWorldTests.xctest */,
				2851B5092B21D26D00A691F0 /* HelloWorldUITests.xctest */,
			);
			name = Products;
			sourceTree = "<group>";
		};
		2851B4EB2B21D26B00A691F0 /* HelloWorld */ = {
			isa = PBXGroup;
			children = (
				2851B4EC2B21D26B00A691F0 /* AppDelegate.swift */,
				2851B4EE2B21D26B00A691F0 /* SceneDelegate.swift */,
				28DC4B832B2342E700870CC8 /* GoogleService-Info.plist */,
				28AB482B2B2B5899005F3931 /* ProductViewController.swift */,
				2851B4F02B21D26B00A691F0 /* ViewController.swift */,
				2851B4F22B21D26B00A691F0 /* Main.storyboard */,
				2851B4F52B21D26D00A691F0 /* Assets.xcassets */,
				2851B4F72B21D26D00A691F0 /* LaunchScreen.storyboard */,
				2851B4FA2B21D26D00A691F0 /* Info.plist */,
			);
			path = HelloWorld;
			sourceTree = "<group>";
		};
		2851B5022B21D26D00A691F0 /* HelloWorldTests */ = {
			isa = PBXGroup;
			children = (
				2851B5032B21D26D00A691F0 /* HelloWorldTests.swift */,
			);
			path = HelloWorldTests;
			sourceTree = "<group>";
		};
		2851B50C2B21D26D00A691F0 /* HelloWorldUITests */ = {
			isa = PBXGroup;
			children = (
				2851B50D2B21D26D00A691F0 /* HelloWorldUITests.swift */,
				2851B50F2B21D26D00A691F0 /* HelloWorldUITestsLaunchTests.swift */,
			);
			path = HelloWorldUITests;
			sourceTree = "<group>";
		};
/* End PBXGroup section */

/* Begin PBXNativeTarget section */
		2851B4E82B21D26B00A691F0 /* HelloWorld */ = {
			isa = PBXNativeTarget;
			buildConfigurationList = 2851B5132B21D26D00A691F0 /* Build configuration list for PBXNativeTarget "HelloWorld" */;
			buildPhases = (
				2851B4E52B21D26B00A691F0 /* Sources */,
				2851B4E62B21D26B00A691F0 /* Frameworks */,
				2851B4E72B21D26B00A691F0 /* Resources */,
			);
			buildRules = (
			);
			dependencies = (
			);
			name = HelloWorld;
			packageProductDependencies = (
				28DC4B862B23461500870CC8 /* FirebaseAnalytics */,
				28DC4B882B23461500870CC8 /* FirebaseAnalyticsOnDeviceConversion */,
				28DC4B8A2B23461500870CC8 /* FirebaseAnalyticsSwift */,
				28DC4B8C2B23461500870CC8 /* FirebaseAppCheck */,
				28DC4B8E2B23461500870CC8 /* FirebaseAuth */,
				28DC4B902B23461500870CC8 /* FirebaseDatabase */,
				28DC4B922B23461500870CC8 /* FirebaseDatabaseSwift */,
				28DC4B942B23461500870CC8 /* FirebaseFirestore */,
				28DC4B962B23461500870CC8 /* FirebasePerformance */,
				28DC4B982B23461500870CC8 /* FirebaseStorage */,
			);
			productName = HelloWorld;
			productReference = 2851B4E92B21D26B00A691F0 /* HelloWorld.app */;
			productType = "com.apple.product-type.application";
		};
		2851B4FE2B21D26D00A691F0 /* HelloWorldTests */ = {
			isa = PBXNativeTarget;
			buildConfigurationList = 2851B5162B21D26D00A691F0 /* Build configuration list for PBXNativeTarget "HelloWorldTests" */;
			buildPhases = (
				2851B4FB2B21D26D00A691F0 /* Sources */,
				2851B4FC2B21D26D00A691F0 /* Frameworks */,
				2851B4FD2B21D26D00A691F0 /* Resources */,
			);
			buildRules = (
			);
			dependencies = (
				2851B5012B21D26D00A691F0 /* PBXTargetDependency */,
			);
			name = HelloWorldTests;
			productName = HelloWorldTests;
			productReference = 2851B4FF2B21D26D00A691F0 /* HelloWorldTests.xctest */;
			productType = "com.apple.product-type.bundle.unit-test";
		};
		2851B5082B21D26D00A691F0 /* HelloWorldUITests */ = {
			isa = PBXNativeTarget;
			buildConfigurationList = 2851B5192B21D26D00A691F0 /* Build configuration list for PBXNativeTarget "HelloWorldUITests" */;
			buildPhases = (
				2851B5052B21D26D00A691F0 /* Sources */,
				2851B5062B21D26D00A691F0 /* Frameworks */,
				2851B5072B21D26D00A691F0 /* Resources */,
			);
			buildRules = (
			);
			dependencies = (
				2851B50B2B21D26D00A691F0 /* PBXTargetDependency */,
			);
			name = HelloWorldUITests;
			productName = HelloWorldUITests;
			productReference = 2851B5092B21D26D00A691F0 /* HelloWorldUITests.xctest */;
			productType = "com.apple.product-type.bundle.ui-testing";
		};
/* End PBXNativeTarget section */

/* Begin PBXProject section */
		2851B4E12B21D26B00A691F0 /* Project object */ = {
			isa = PBXProject;
			attributes = {
				BuildIndependentTargetsInParallel = 1;
				KnownAssetTags = (
					10,
					15,
					20,
				);
				LastSwiftUpdateCheck = 1420;
				LastUpgradeCheck = 1420;
				TargetAttributes = {
					2851B4E82B21D26B00A691F0 = {
						CreatedOnToolsVersion = 14.2;
					};
					2851B4FE2B21D26D00A691F0 = {
						CreatedOnToolsVersion = 14.2;
						TestTargetID = 2851B4E82B21D26B00A691F0;
					};
					2851B5082B21D26D00A691F0 = {
						CreatedOnToolsVersion = 14.2;
						TestTargetID = 2851B4E82B21D26B00A691F0;
					};
				};
			};
			buildConfigurationList = 2851B4E42B21D26B00A691F0 /* Build configuration list for PBXProject "HelloWorld" */;
			compatibilityVersion = "Xcode 14.0";
			developmentRegion = en;
			hasScannedForEncodings = 0;
			knownRegions = (
				en,
				Base,
			);
			mainGroup = 2851B4E02B21D26B00A691F0;
			packageReferences = (
				28DC4B852B23461500870CC8 /* XCRemoteSwiftPackageReference "firebase-ios-sdk" */,
			);
			productRefGroup = 2851B4EA2B21D26B00A691F0 /* Products */;
			projectDirPath = "";
			projectRoot = "";
			targets = (
				2851B4E82B21D26B00A691F0 /* HelloWorld */,
				2851B4FE2B21D26D00A691F0 /* HelloWorldTests */,
				2851B5082B21D26D00A691F0 /* HelloWorldUITests */,
			);
		};
/* End PBXProject section */

/* Begin PBXResourcesBuildPhase section */
		2851B4E72B21D26B00A691F0 /* Resources */ = {
			isa = PBXResourcesBuildPhase;
			buildActionMask = 2147483647;
			files = (
				2851B4F92B21D26D00A691F0 /* LaunchScreen.storyboard in Resources */,
				28DC4B842B2342E700870CC8 /* GoogleService-Info.plist in Resources */,
				2851B4F62B21D26D00A691F0 /* Assets.xcassets in Resources */,
				2851B4F42B21D26B00A691F0 /* Main.storyboard in Resources */,
			);
			runOnlyForDeploymentPostprocessing = 0;
		};
		2851B4FD2B21D26D00A691F0 /* Resources */ = {
			isa = PBXResourcesBuildPhase;
			buildActionMask = 2147483647;
			files = (
			);
			runOnlyForDeploymentPostprocessing = 0;
		};
		2851B5072B21D26D00A691F0 /* Resources */ = {
			isa = PBXResourcesBuildPhase;
			buildActionMask = 2147483647;
			files = (
			);
			runOnlyForDeploymentPostprocessing = 0;
		};
/* End PBXResourcesBuildPhase section */

/* Begin PBXSourcesBuildPhase section */
		2851B4E52B21D26B00A691F0 /* Sources */ = {
			isa = PBXSourcesBuildPhase;
			buildActionMask = 2147483647;
			files = (
				2851B4F12B21D26B00A691F0 /* ViewController.swift in Sources */,
				2851B4ED2B21D26B00A691F0 /* AppDelegate.swift in Sources */,
				28AB482C2B2B5899005F3931 /* ProductViewController.swift in Sources */,
				2851B4EF2B21D26B00A691F0 /* SceneDelegate.swift in Sources */,
			);
			runOnlyForDeploymentPostprocessing = 0;
		};
		2851B4FB2B21D26D00A691F0 /* Sources */ = {
			isa = PBXSourcesBuildPhase;
			buildActionMask = 2147483647;
			files = (
				2851B5042B21D26D00A691F0 /* HelloWorldTests.swift in Sources */,
			);
			runOnlyForDeploymentPostprocessing = 0;
		};
		2851B5052B21D26D00A691F0 /* Sources */ = {
			isa = PBXSourcesBuildPhase;
			buildActionMask = 2147483647;
			files = (
				2851B5102B21D26D00A691F0 /* HelloWorldUITestsLaunchTests.swift in Sources */,
				2851B50E2B21D26D00A691F0 /* HelloWorldUITests.swift in Sources */,
			);
			runOnlyForDeploymentPostprocessing = 0;
		};
/* End PBXSourcesBuildPhase section */

/* Begin PBXTargetDependency section */
		2851B5012B21D26D00A691F0 /* PBXTargetDependency */ = {
			isa = PBXTargetDependency;
			target = 2851B4E82B21D26B00A691F0 /* HelloWorld */;
			targetProxy = 2851B5002B21D26D00A691F0 /* PBXContainerItemProxy */;
		};
		2851B50B2B21D26D00A691F0 /* PBXTargetDependency */ = {
			isa = PBXTargetDependency;
			target = 2851B4E82B21D26B00A691F0 /* HelloWorld */;
			targetProxy = 2851B50A2B21D26D00A691F0 /* PBXContainerItemProxy */;
		};
/* End PBXTargetDependency section */

/* Begin PBXVariantGroup section */
		2851B4F22B21D26B00A691F0 /* Main.storyboard */ = {
			isa = PBXVariantGroup;
			children = (
				2851B4F32B21D26B00A691F0 /* Base */,
			);
			name = Main.storyboard;
			sourceTree = "<group>";
		};
		2851B4F72B21D26D00A691F0 /* LaunchScreen.storyboard */ = {
			isa = PBXVariantGroup;
			children = (
				2851B4F82B21D26D00A691F0 /* Base */,
			);
			name = LaunchScreen.storyboard;
			sourceTree = "<group>";
		};
/* End PBXVariantGroup section */

/* Begin XCBuildConfiguration section */
		2851B5112B21D26D00A691F0 /* Debug */ = {
			isa = XCBuildConfiguration;
			buildSettings = {
				ALWAYS_SEARCH_USER_PATHS = NO;
				CLANG_ANALYZER_NONNULL = YES;
				CLANG_ANALYZER_NUMBER_OBJECT_CONVERSION = YES_AGGRESSIVE;
				CLANG_CXX_LANGUAGE_STANDARD = "gnu++20";
				CLANG_ENABLE_MODULES = YES;
				CLANG_ENABLE_OBJC_ARC = YES;
				CLANG_ENABLE_OBJC_WEAK = YES;
				CLANG_WARN_BLOCK_CAPTURE_AUTORELEASING = YES;
				CLANG_WARN_BOOL_CONVERSION = YES;
				CLANG_WARN_COMMA = YES;
				CLANG_WARN_CONSTANT_CONVERSION = YES;
				CLANG_WARN_DEPRECATED_OBJC_IMPLEMENTATIONS = YES;
				CLANG_WARN_DIRECT_OBJC_ISA_USAGE = YES_ERROR;
				CLANG_WARN_DOCUMENTATION_COMMENTS = YES;
				CLANG_WARN_EMPTY_BODY = YES;
				CLANG_WARN_ENUM_CONVERSION = YES;
				CLANG_WARN_INFINITE_RECURSION = YES;
				CLANG_WARN_INT_CONVERSION = YES;
				CLANG_WARN_NON_LITERAL_NULL_CONVERSION = YES;
				CLANG_WARN_OBJC_IMPLICIT_RETAIN_SELF = YES;
				CLANG_WARN_OBJC_LITERAL_CONVERSION = YES;
				CLANG_WARN_OBJC_ROOT_CLASS = YES_ERROR;
				CLANG_WARN_QUOTED_INCLUDE_IN_FRAMEWORK_HEADER = YES;
				CLANG_WARN_RANGE_LOOP_ANALYSIS = YES;
				CLANG_WARN_STRICT_PROTOTYPES = YES;
				CLANG_WARN_SUSPICIOUS_MOVE = YES;
				CLANG_WARN_UNGUARDED_AVAILABILITY = YES_AGGRESSIVE;
				CLANG_WARN_UNREACHABLE_CODE = YES;
				CLANG_WARN__DUPLICATE_METHOD_MATCH = YES;
				COPY_PHASE_STRIP = NO;
				DEBUG_INFORMATION_FORMAT = dwarf;
				ENABLE_STRICT_OBJC_MSGSEND = YES;
				ENABLE_TESTABILITY = YES;
				GCC_C_LANGUAGE_STANDARD = gnu11;
				GCC_DYNAMIC_NO_PIC = NO;
				GCC_NO_COMMON_BLOCKS = YES;
				GCC_OPTIMIZATION_LEVEL = 0;
				GCC_PREPROCESSOR_DEFINITIONS = (
					"DEBUG=1",
					"$(inherited)",
				);
				GCC_WARN_64_TO_32_BIT_CONVERSION = YES;
				GCC_WARN_ABOUT_RETURN_TYPE = YES_ERROR;
				GCC_WARN_UNDECLARED_SELECTOR = YES;
				GCC_WARN_UNINITIALIZED_AUTOS = YES_AGGRESSIVE;
				GCC_WARN_UNUSED_FUNCTION = YES;
				GCC_WARN_UNUSED_VARIABLE = YES;
				IPHONEOS_DEPLOYMENT_TARGET = 16.2;
				MTL_ENABLE_DEBUG_INFO = INCLUDE_SOURCE;
				MTL_FAST_MATH = YES;
				ONLY_ACTIVE_ARCH = YES;
				SDKROOT = iphoneos;
				SWIFT_ACTIVE_COMPILATION_CONDITIONS = DEBUG;
				SWIFT_OPTIMIZATION_LEVEL = "-Onone";
			};
			name = Debug;
		};
		2851B5122B21D26D00A691F0 /* Release */ = {
			isa = XCBuildConfiguration;
			buildSettings = {
				ALWAYS_SEARCH_USER_PATHS = NO;
				CLANG_ANALYZER_NONNULL = YES;
				CLANG_ANALYZER_NUMBER_OBJECT_CONVERSION = YES_AGGRESSIVE;
				CLANG_CXX_LANGUAGE_STANDARD = "gnu++20";
				CLANG_ENABLE_MODULES = YES;
				CLANG_ENABLE_OBJC_ARC = YES;
				CLANG_ENABLE_OBJC_WEAK = YES;
				CLANG_WARN_BLOCK_CAPTURE_AUTORELEASING = YES;
				CLANG_WARN_BOOL_CONVERSION = YES;
				CLANG_WARN_COMMA = YES;
				CLANG_WARN_CONSTANT_CONVERSION = YES;
				CLANG_WARN_DEPRECATED_OBJC_IMPLEMENTATIONS = YES;
				CLANG_WARN_DIRECT_OBJC_ISA_USAGE = YES_ERROR;
				CLANG_WARN_DOCUMENTATION_COMMENTS = YES;
				CLANG_WARN_EMPTY_BODY = YES;
				CLANG_WARN_ENUM_CONVERSION = YES;
				CLANG_WARN_INFINITE_RECURSION = YES;
				CLANG_WARN_INT_CONVERSION = YES;
				CLANG_WARN_NON_LITERAL_NULL_CONVERSION = YES;
				CLANG_WARN_OBJC_IMPLICIT_RETAIN_SELF = YES;
				CLANG_WARN_OBJC_LITERAL_CONVERSION = YES;
				CLANG_WARN_OBJC_ROOT_CLASS = YES_ERROR;
				CLANG_WARN_QUOTED_INCLUDE_IN_FRAMEWORK_HEADER = YES;
				CLANG_WARN_RANGE_LOOP_ANALYSIS = YES;
				CLANG_WARN_STRICT_PROTOTYPES = YES;
				CLANG_WARN_SUSPICIOUS_MOVE = YES;
				CLANG_WARN_UNGUARDED_AVAILABILITY = YES_AGGRESSIVE;
				CLANG_WARN_UNREACHABLE_CODE = YES;
				CLANG_WARN__DUPLICATE_METHOD_MATCH = YES;
				COPY_PHASE_STRIP = NO;
				DEBUG_INFORMATION_FORMAT = "dwarf-with-dsym";
				ENABLE_NS_ASSERTIONS = NO;
				ENABLE_STRICT_OBJC_MSGSEND = YES;
				GCC_C_LANGUAGE_STANDARD = gnu11;
				GCC_NO_COMMON_BLOCKS = YES;
				GCC_WARN_64_TO_32_BIT_CONVERSION = YES;
				GCC_WARN_ABOUT_RETURN_TYPE = YES_ERROR;
				GCC_WARN_UNDECLARED_SELECTOR = YES;
				GCC_WARN_UNINITIALIZED_AUTOS = YES_AGGRESSIVE;
				GCC_WARN_UNUSED_FUNCTION = YES;
				GCC_WARN_UNUSED_VARIABLE = YES;
				IPHONEOS_DEPLOYMENT_TARGET = 16.2;
				MTL_ENABLE_DEBUG_INFO = NO;
				MTL_FAST_MATH = YES;
				SDKROOT = iphoneos;
				SWIFT_COMPILATION_MODE = wholemodule;
				SWIFT_OPTIMIZATION_LEVEL = "-O";
				VALIDATE_PRODUCT = YES;
			};
			name = Release;
		};
		2851B5142B21D26D00A691F0 /* Debug */ = {
			isa = XCBuildConfiguration;
			buildSettings = {
				ASSETCATALOG_COMPILER_APPICON_NAME = AppIcon;
				ASSETCATALOG_COMPILER_GLOBAL_ACCENT_COLOR_NAME = AccentColor;
				CODE_SIGN_STYLE = Automatic;
				CURRENT_PROJECT_VERSION = 1;
				DEVELOPMENT_TEAM = 8XBA5CDB47;
				GENERATE_INFOPLIST_FILE = YES;
				INFOPLIST_FILE = HelloWorld/Info.plist;
				INFOPLIST_KEY_UIApplicationSupportsIndirectInputEvents = YES;
				INFOPLIST_KEY_UILaunchStoryboardName = LaunchScreen;
				INFOPLIST_KEY_UIMainStoryboardFile = Main;
				INFOPLIST_KEY_UISupportedInterfaceOrientations = "UIInterfaceOrientationLandscapeLeft UIInterfaceOrientationLandscapeRight UIInterfaceOrientationPortrait";
				INFOPLIST_KEY_UISupportedInterfaceOrientations_iPad = "UIInterfaceOrientationLandscapeLeft UIInterfaceOrientationLandscapeRight UIInterfaceOrientationPortrait UIInterfaceOrientationPortraitUpsideDown";
				IPHONEOS_DEPLOYMENT_TARGET = 15.0;
				LD_RUNPATH_SEARCH_PATHS = (
					"$(inherited)",
					"@executable_path/Frameworks",
				);
				MARKETING_VERSION = 1.0;
				PRODUCT_BUNDLE_IDENTIFIER = com.ciao.HelloWorld;
				PRODUCT_NAME = "$(TARGET_NAME)";
				SWIFT_EMIT_LOC_STRINGS = YES;
				SWIFT_VERSION = 5.0;
				TARGETED_DEVICE_FAMILY = "1,2";
			};
			name = Debug;
		};
		2851B5152B21D26D00A691F0 /* Release */ = {
			isa = XCBuildConfiguration;
			buildSettings = {
				ASSETCATALOG_COMPILER_APPICON_NAME = AppIcon;
				ASSETCATALOG_COMPILER_GLOBAL_ACCENT_COLOR_NAME = AccentColor;
				CODE_SIGN_STYLE = Automatic;
				CURRENT_PROJECT_VERSION = 1;
				DEVELOPMENT_TEAM = 8XBA5CDB47;
				GENERATE_INFOPLIST_FILE = YES;
				INFOPLIST_FILE = HelloWorld/Info.plist;
				INFOPLIST_KEY_UIApplicationSupportsIndirectInputEvents = YES;
				INFOPLIST_KEY_UILaunchStoryboardName = LaunchScreen;
				INFOPLIST_KEY_UIMainStoryboardFile = Main;
				INFOPLIST_KEY_UISupportedInterfaceOrientations = "UIInterfaceOrientationLandscapeLeft UIInterfaceOrientationLandscapeRight UIInterfaceOrientationPortrait";
				INFOPLIST_KEY_UISupportedInterfaceOrientations_iPad = "UIInterfaceOrientationLandscapeLeft UIInterfaceOrientationLandscapeRight UIInterfaceOrientationPortrait UIInterfaceOrientationPortraitUpsideDown";
				IPHONEOS_DEPLOYMENT_TARGET = 15.0;
				LD_RUNPATH_SEARCH_PATHS = (
					"$(inherited)",
					"@executable_path/Frameworks",
				);
				MARKETING_VERSION = 1.0;
				PRODUCT_BUNDLE_IDENTIFIER = com.ciao.HelloWorld;
				PRODUCT_NAME = "$(TARGET_NAME)";
				SWIFT_EMIT_LOC_STRINGS = YES;
				SWIFT_VERSION = 5.0;
				TARGETED_DEVICE_FAMILY = "1,2";
			};
			name = Release;
		};
		2851B5172B21D26D00A691F0 /* Debug */ = {
			isa = XCBuildConfiguration;
			buildSettings = {
				ALWAYS_EMBED_SWIFT_STANDARD_LIBRARIES = YES;
				BUNDLE_LOADER = "$(TEST_HOST)";
				CODE_SIGN_STYLE = Automatic;
				CURRENT_PROJECT_VERSION = 1;
				DEVELOPMENT_TEAM = 8XBA5CDB47;
				GENERATE_INFOPLIST_FILE = YES;
				IPHONEOS_DEPLOYMENT_TARGET = 16.2;
				MARKETING_VERSION = 1.0;
				PRODUCT_BUNDLE_IDENTIFIER = com.ciao.HelloWorldTests;
				PRODUCT_NAME = "$(TARGET_NAME)";
				SWIFT_EMIT_LOC_STRINGS = NO;
				SWIFT_VERSION = 5.0;
				TARGETED_DEVICE_FAMILY = "1,2";
				TEST_HOST = "$(BUILT_PRODUCTS_DIR)/HelloWorld.app/$(BUNDLE_EXECUTABLE_FOLDER_PATH)/HelloWorld";
			};
			name = Debug;
		};
		2851B5182B21D26D00A691F0 /* Release */ = {
			isa = XCBuildConfiguration;
			buildSettings = {
				ALWAYS_EMBED_SWIFT_STANDARD_LIBRARIES = YES;
				BUNDLE_LOADER = "$(TEST_HOST)";
				CODE_SIGN_STYLE = Automatic;
				CURRENT_PROJECT_VERSION = 1;
				DEVELOPMENT_TEAM = 8XBA5CDB47;
				GENERATE_INFOPLIST_FILE = YES;
				IPHONEOS_DEPLOYMENT_TARGET = 16.2;
				MARKETING_VERSION = 1.0;
				PRODUCT_BUNDLE_IDENTIFIER = com.ciao.HelloWorldTests;
				PRODUCT_NAME = "$(TARGET_NAME)";
				SWIFT_EMIT_LOC_STRINGS = NO;
				SWIFT_VERSION = 5.0;
				TARGETED_DEVICE_FAMILY = "1,2";
				TEST_HOST = "$(BUILT_PRODUCTS_DIR)/HelloWorld.app/$(BUNDLE_EXECUTABLE_FOLDER_PATH)/HelloWorld";
			};
			name = Release;
		};
		2851B51A2B21D26D00A691F0 /* Debug */ = {
			isa = XCBuildConfiguration;
			buildSettings = {
				ALWAYS_EMBED_SWIFT_STANDARD_LIBRARIES = YES;
				CODE_SIGN_STYLE = Automatic;
				CURRENT_PROJECT_VERSION = 1;
				DEVELOPMENT_TEAM = 8XBA5CDB47;
				GENERATE_INFOPLIST_FILE = YES;
				MARKETING_VERSION = 1.0;
				PRODUCT_BUNDLE_IDENTIFIER = com.ciao.HelloWorldUITests;
				PRODUCT_NAME = "$(TARGET_NAME)";
				SWIFT_EMIT_LOC_STRINGS = NO;
				SWIFT_VERSION = 5.0;
				TARGETED_DEVICE_FAMILY = "1,2";
				TEST_TARGET_NAME = HelloWorld;
			};
			name = Debug;
		};
		2851B51B2B21D26D00A691F0 /* Release */ = {
			isa = XCBuildConfiguration;
			buildSettings = {
				ALWAYS_EMBED_SWIFT_STANDARD_LIBRARIES = YES;
				CODE_SIGN_STYLE = Automatic;
				CURRENT_PROJECT_VERSION = 1;
				DEVELOPMENT_TEAM = 8XBA5CDB47;
				GENERATE_INFOPLIST_FILE = YES;
				MARKETING_VERSION = 1.0;
				PRODUCT_BUNDLE_IDENTIFIER = com.ciao.HelloWorldUITests;
				PRODUCT_NAME = "$(TARGET_NAME)";
				SWIFT_EMIT_LOC_STRINGS = NO;
				SWIFT_VERSION = 5.0;
				TARGETED_DEVICE_FAMILY = "1,2";
				TEST_TARGET_NAME = HelloWorld;
			};
			name = Release;
		};
/* End XCBuildConfiguration section */

/* Begin XCConfigurationList section */
		2851B4E42B21D26B00A691F0 /* Build configuration list for PBXProject "HelloWorld" */ = {
			isa = XCConfigurationList;
			buildConfigurations = (
				2851B5112B21D26D00A691F0 /* Debug */,
				2851B5122B21D26D00A691F0 /* Release */,
			);
			defaultConfigurationIsVisible = 0;
			defaultConfigurationName = Release;
		};
		2851B5132B21D26D00A691F0 /* Build configuration list for PBXNativeTarget "HelloWorld" */ = {
			isa = XCConfigurationList;
			buildConfigurations = (
				2851B5142B21D26D00A691F0 /* Debug */,
				2851B5152B21D26D00A691F0 /* Release */,
			);
			defaultConfigurationIsVisible = 0;
			defaultConfigurationName = Release;
		};
		2851B5162B21D26D00A691F0 /* Build configuration list for PBXNativeTarget "HelloWorldTests" */ = {
			isa = XCConfigurationList;
			buildConfigurations = (
				2851B5172B21D26D00A691F0 /* Debug */,
				2851B5182B21D26D00A691F0 /* Release */,
			);
			defaultConfigurationIsVisible = 0;
			defaultConfigurationName = Release;
		};
		2851B5192B21D26D00A691F0 /* Build configuration list for PBXNativeTarget "HelloWorldUITests" */ = {
			isa = XCConfigurationList;
			buildConfigurations = (
				2851B51A2B21D26D00A691F0 /* Debug */,
				2851B51B2B21D26D00A691F0 /* Release */,
			);
			defaultConfigurationIsVisible = 0;
			defaultConfigurationName = Release;
		};
/* End XCConfigurationList section */

/* Begin XCRemoteSwiftPackageReference section */
		28DC4B852B23461500870CC8 /* XCRemoteSwiftPackageReference "firebase-ios-sdk" */ = {
			isa = XCRemoteSwiftPackageReference;
			repositoryURL = "https://github.com/firebase/firebase-ios-sdk";
			requirement = {
				kind = upToNextMajorVersion;
				minimumVersion = 9.0.0;
			};
		};
/* End XCRemoteSwiftPackageReference section */

/* Begin XCSwiftPackageProductDependency section */
		28DC4B862B23461500870CC8 /* FirebaseAnalytics */ = {
			isa = XCSwiftPackageProductDependency;
			package = 28DC4B852B23461500870CC8 /* XCRemoteSwiftPackageReference "firebase-ios-sdk" */;
			productName = FirebaseAnalytics;
		};
		28DC4B882B23461500870CC8 /* FirebaseAnalyticsOnDeviceConversion */ = {
			isa = XCSwiftPackageProductDependency;
			package = 28DC4B852B23461500870CC8 /* XCRemoteSwiftPackageReference "firebase-ios-sdk" */;
			productName = FirebaseAnalyticsOnDeviceConversion;
		};
		28DC4B8A2B23461500870CC8 /* FirebaseAnalyticsSwift */ = {
			isa = XCSwiftPackageProductDependency;
			package = 28DC4B852B23461500870CC8 /* XCRemoteSwiftPackageReference "firebase-ios-sdk" */;
			productName = FirebaseAnalyticsSwift;
		};
		28DC4B8C2B23461500870CC8 /* FirebaseAppCheck */ = {
			isa = XCSwiftPackageProductDependency;
			package = 28DC4B852B23461500870CC8 /* XCRemoteSwiftPackageReference "firebase-ios-sdk" */;
			productName = FirebaseAppCheck;
		};
		28DC4B8E2B23461500870CC8 /* FirebaseAuth */ = {
			isa = XCSwiftPackageProductDependency;
			package = 28DC4B852B23461500870CC8 /* XCRemoteSwiftPackageReference "firebase-ios-sdk" */;
			productName = FirebaseAuth;
		};
		28DC4B902B23461500870CC8 /* FirebaseDatabase */ = {
			isa = XCSwiftPackageProductDependency;
			package = 28DC4B852B23461500870CC8 /* XCRemoteSwiftPackageReference "firebase-ios-sdk" */;
			productName = FirebaseDatabase;
		};
		28DC4B922B23461500870CC8 /* FirebaseDatabaseSwift */ = {
			isa = XCSwiftPackageProductDependency;
			package = 28DC4B852B23461500870CC8 /* XCRemoteSwiftPackageReference "firebase-ios-sdk" */;
			productName = FirebaseDatabaseSwift;
		};
		28DC4B942B23461500870CC8 /* FirebaseFirestore */ = {
			isa = XCSwiftPackageProductDependency;
			package = 28DC4B852B23461500870CC8 /* XCRemoteSwiftPackageReference "firebase-ios-sdk" */;
			productName = FirebaseFirestore;
		};
		28DC4B962B23461500870CC8 /* FirebasePerformance */ = {
			isa = XCSwiftPackageProductDependency;
			package = 28DC4B852B23461500870CC8 /* XCRemoteSwiftPackageReference "firebase-ios-sdk" */;
			productName = FirebasePerformance;
		};
		28DC4B982B23461500870CC8 /* FirebaseStorage */ = {
			isa = XCSwiftPackageProductDependency;
			package = 28DC4B852B23461500870CC8 /* XCRemoteSwiftPackageReference "firebase-ios-sdk" */;
			productName = FirebaseStorage;
		};
/* End XCSwiftPackageProductDependency section */
	};
	rootObject = 2851B4E12B21D26B00A691F0 /* Project object */;
}
